
Microsoft Visual Studio Solution File, Format Version 12.00
# Visual Studio 15
VisualStudioVersion = 15.0.27703.2026
MinimumVisualStudioVersion = 10.0.40219.1
Project("{9A19103F-16F7-4668-BE54-9A1E7A4F7556}") = "AspNetClassicSessionState.AspNet", "AspNetClassicSessionState.AspNet\AspNetClassicSessionState.AspNet.csproj", "{C6ED933B-7CF2-4390-AEE9-8AF479816BFF}"
EndProject
Project("{FAE04EC0-301F-11D3-BF4B-00C04F79EFBC}") = "AspNetClassicSessionState.Sample", "AspNetClassicSessionState.Sample\AspNetClassicSessionState.Sample.csproj", "{342A58D5-CB4F-490D-9256-BCB6D0C48B0C}"
EndProject
Project("{9A19103F-16F7-4668-BE54-9A1E7A4F7556}") = "AspNetClassicSessionState.Sample.Host", "AspNetClassicSessionState.Sample.Host\AspNetClassicSessionState.Sample.Host.csproj", "{EDDA4803-F122-443A-BE8F-E4BFB0C510B0}"
EndProject
Project("{2150E333-8FDC-42A3-9474-1A3956D46DE8}") = "Solution Items", "Solution Items", "{4DFF6596-493F-4A52-BCD3-987466BC04E0}"
	ProjectSection(SolutionItems) = preProject
		.editorconfig = .editorconfig
		.vsts-ci.yml = .vsts-ci.yml
	EndProjectSection
EndProject
Project("{9A19103F-16F7-4668-BE54-9A1E7A4F7556}") = "AspNetClassicSessionState.Managed", "AspNetClassicSessionState.Managed\AspNetClassicSessionState.Managed.csproj", "{CF0E4D3B-626B-4264-9BE9-BEC2FDEF83CF}"
EndProject
Project("{8BC9CEB8-8B4A-11D0-8D11-00A0C91BC942}") = "AspNetClassicSessionState.Asp", "AspNetClassicSessionState.Asp\AspNetClassicSessionState.Asp.vcxproj", "{0CB5A335-492F-48DB-AFFC-390EBABA2104}"
EndProject
Global
	GlobalSection(SolutionConfigurationPlatforms) = preSolution
		Debug|Any CPU = Debug|Any CPU
		Release|Any CPU = Release|Any CPU
	EndGlobalSection
	GlobalSection(ProjectConfigurationPlatforms) = postSolution
		{C6ED933B-7CF2-4390-AEE9-8AF479816BFF}.Debug|Any CPU.ActiveCfg = Debug|Any CPU
		{C6ED933B-7CF2-4390-AEE9-8AF479816BFF}.Debug|Any CPU.Build.0 = Debug|Any CPU
		{C6ED933B-7CF2-4390-AEE9-8AF479816BFF}.Release|Any CPU.ActiveCfg = Release|Any CPU
		{C6ED933B-7CF2-4390-AEE9-8AF479816BFF}.Release|Any CPU.Build.0 = Release|Any CPU
		{342A58D5-CB4F-490D-9256-BCB6D0C48B0C}.Debug|Any CPU.ActiveCfg = Debug|Any CPU
		{342A58D5-CB4F-490D-9256-BCB6D0C48B0C}.Debug|Any CPU.Build.0 = Debug|Any CPU
		{342A58D5-CB4F-490D-9256-BCB6D0C48B0C}.Release|Any CPU.ActiveCfg = Release|Any CPU
		{EDDA4803-F122-443A-BE8F-E4BFB0C510B0}.Debug|Any CPU.ActiveCfg = Debug|Any CPU
		{EDDA4803-F122-443A-BE8F-E4BFB0C510B0}.Debug|Any CPU.Build.0 = Debug|Any CPU
		{EDDA4803-F122-443A-BE8F-E4BFB0C510B0}.Release|Any CPU.ActiveCfg = Release|Any CPU
		{CF0E4D3B-626B-4264-9BE9-BEC2FDEF83CF}.Debug|Any CPU.ActiveCfg = Debug|Any CPU
		{CF0E4D3B-626B-4264-9BE9-BEC2FDEF83CF}.Debug|Any CPU.Build.0 = Debug|Any CPU
		{CF0E4D3B-626B-4264-9BE9-BEC2FDEF83CF}.Release|Any CPU.ActiveCfg = Release|Any CPU
		{CF0E4D3B-626B-4264-9BE9-BEC2FDEF83CF}.Release|Any CPU.Build.0 = Release|Any CPU
		{0CB5A335-492F-48DB-AFFC-390EBABA2104}.Debug|Any CPU.ActiveCfg = Debug|Win32
		{0CB5A335-492F-48DB-AFFC-390EBABA2104}.Debug|Any CPU.Build.0 = Debug|Win32
		{0CB5A335-492F-48DB-AFFC-390EBABA2104}.Release|Any CPU.ActiveCfg = Release|Win32
		{0CB5A335-492F-48DB-AFFC-390EBABA2104}.Release|Any CPU.Build.0 = Release|Win32
	EndGlobalSection
	GlobalSection(SolutionProperties) = preSolution
		HideSolutionNode = FALSE
	EndGlobalSection
	GlobalSection(ExtensibilityGlobals) = postSolution
		SolutionGuid = {11A1355F-1564-405D-9D1A-89680CD880B7}
	EndGlobalSection
EndGlobal
